{
  "object": {
    "pins": [
      {
        "package": "Files",
        "repositoryURL": "https://github.com/johnsundell/files.git",
        "state": {
          "branch": null,
          "revision": "7de5a7b9627e8f2f88eba8a899ce8ddf2c64d39d",
          "version": "3.0.0"
        }
      }
    ]
  },
  "version": 1
}
